// !$*UTF8*$!
{
	archiveVersion = 1;
	classes = {
	};
	objectVersion = 56;
	objects = {

/* Begin PBXBuildFile section */
		DD5AA1EF2BD5598300EA982B /* AppDelegate.swift in Sources */ = {isa = PBXBuildFile; fileRef = DD5AA1EE2BD5598300EA982B /* AppDelegate.swift */; };
		DD5AA1F12BD5598300EA982B /* SceneDelegate.swift in Sources */ = {isa = PBXBuildFile; fileRef = DD5AA1F02BD5598300EA982B /* SceneDelegate.swift */; };
		DD5AA1F32BD5598300EA982B /* ViewController.swift in Sources */ = {isa = PBXBuildFile; fileRef = DD5AA1F22BD5598300EA982B /* ViewController.swift */; };
		DD5AA1F62BD5598300EA982B /* Base in Resources */ = {isa = PBXBuildFile; fileRef = DD5AA1F52BD5598300EA982B /* Base */; };
		DD5AA1F82BD5598500EA982B /* Assets.xcassets in Resources */ = {isa = PBXBuildFile; fileRef = DD5AA1F72BD5598500EA982B /* Assets.xcassets */; };
		DD5AA1FB2BD5598500EA982B /* Base in Resources */ = {isa = PBXBuildFile; fileRef = DD5AA1FA2BD5598500EA982B /* Base */; };
		DD5AA2062BD5598500EA982B /* To_do_SelfTests.swift in Sources */ = {isa = PBXBuildFile; fileRef = DD5AA2052BD5598500EA982B /* To_do_SelfTests.swift */; };
		DD5AA2102BD5598500EA982B /* To_do_SelfUITests.swift in Sources */ = {isa = PBXBuildFile; fileRef = DD5AA20F2BD5598500EA982B /* To_do_SelfUITests.swift */; };
		DD5AA2122BD5598500EA982B /* To_do_SelfUITestsLaunchTests.swift in Sources */ = {isa = PBXBuildFile; fileRef = DD5AA2112BD5598500EA982B /* To_do_SelfUITestsLaunchTests.swift */; };
/* End PBXBuildFile section */

/* Begin PBXContainerItemProxy section */
		DD5AA2022BD5598500EA982B /* PBXContainerItemProxy */ = {
			isa = PBXContainerItemProxy;
			containerPortal = DD5AA1E32BD5598300EA982B /* Project object */;
			proxyType = 1;
			remoteGlobalIDString = DD5AA1EA2BD5598300EA982B;
			remoteInfo = "To-do-Self";
		};
		DD5AA20C2BD5598500EA982B /* PBXContainerItemProxy */ = {
			isa = PBXContainerItemProxy;
			containerPortal = DD5AA1E32BD5598300EA982B /* Project object */;
			proxyType = 1;
			remoteGlobalIDString = DD5AA1EA2BD5598300EA982B;
			remoteInfo = "To-do-Self";
		};
/* End PBXContainerItemProxy section */

/* Begin PBXFileReference section */
		DD5AA1EB2BD5598300EA982B /* To-do-Self.app */ = {isa = PBXFileReference; explicitFileType = wrapper.application; includeInIndex = 0; path = "To-do-Self.app"; sourceTree = BUILT_PRODUCTS_DIR; };
		DD5AA1EE2BD5598300EA982B /* AppDelegate.swift */ = {isa = PBXFileReference; lastKnownFileType = sourcecode.swift; path = AppDelegate.swift; sourceTree = "<group>"; };
		DD5AA1F02BD5598300EA982B /* SceneDelegate.swift */ = {isa = PBXFileReference; lastKnownFileType = sourcecode.swift; path = SceneDelegate.swift; sourceTree = "<group>"; };
		DD5AA1F22BD5598300EA982B /* ViewController.swift */ = {isa = PBXFileReference; lastKnownFileType = sourcecode.swift; path = ViewController.swift; sourceTree = "<group>"; };
		DD5AA1F52BD5598300EA982B /* Base */ = {isa = PBXFileReference; lastKnownFileType = file.storyboard; name = Base; path = Base.lproj/Main.storyboard; sourceTree = "<group>"; };
		DD5AA1F72BD5598500EA982B /* Assets.xcassets */ = {isa = PBXFileReference; lastKnownFileType = folder.assetcatalog; path = Assets.xcassets; sourceTree = "<group>"; };
		DD5AA1FA2BD5598500EA982B /* Base */ = {isa = PBXFileReference; lastKnownFileType = file.storyboard; name = Base; path = Base.lproj/LaunchScreen.storyboard; sourceTree = "<group>"; };
		DD5AA1FC2BD5598500EA982B /* Info.plist */ = {isa = PBXFileReference; lastKnownFileType = text.plist.xml; path = Info.plist; sourceTree = "<group>"; };
		DD5AA2012BD5598500EA982B /* To-do-SelfTests.xctest */ = {isa = PBXFileReference; explicitFileType = wrapper.cfbundle; includeInIndex = 0; path = "To-do-SelfTests.xctest"; sourceTree = BUILT_PRODUCTS_DIR; };
		DD5AA2052BD5598500EA982B /* To_do_SelfTests.swift */ = {isa = PBXFileReference; lastKnownFileType = sourcecode.swift; path = To_do_SelfTests.swift; sourceTree = "<group>"; };
		DD5AA20B2BD5598500EA982B /* To-do-SelfUITests.xctest */ = {isa = PBXFileReference; explicitFileType = wrapper.cfbundle; includeInIndex = 0; path = "To-do-SelfUITests.xctest"; sourceTree = BUILT_PRODUCTS_DIR; };
		DD5AA20F2BD5598500EA982B /* To_do_SelfUITests.swift */ = {isa = PBXFileReference; lastKnownFileType = sourcecode.swift; path = To_do_SelfUITests.swift; sourceTree = "<group>"; };
		DD5AA2112BD5598500EA982B /* To_do_SelfUITestsLaunchTests.swift */ = {isa = PBXFileReference; lastKnownFileType = sourcecode.swift; path = To_do_SelfUITestsLaunchTests.swift; sourceTree = "<group>"; };
/* End PBXFileReference section */

/* Begin PBXFrameworksBuildPhase section */
		DD5AA1E82BD5598300EA982B /* Frameworks */ = {
			isa = PBXFrameworksBuildPhase;
			buildActionMask = 2147483647;
			files = (
			);
			runOnlyForDeploymentPostprocessing = 0;
		};
		DD5AA1FE2BD5598500EA982B /* Frameworks */ = {
			isa = PBXFrameworksBuildPhase;
			buildActionMask = 2147483647;
			files = (
			);
			runOnlyForDeploymentPostprocessing = 0;
		};
		DD5AA2082BD5598500EA982B /* Frameworks */ = {
			isa = PBXFrameworksBuildPhase;
			buildActionMask = 2147483647;
			files = (
			);
			runOnlyForDeploymentPostprocessing = 0;
		};
/* End PBXFrameworksBuildPhase section */

/* Begin PBXGroup section */
		DD5AA1E22BD5598300EA982B = {
			isa = PBXGroup;
			children = (
				DD5AA1ED2BD5598300EA982B /* To-do-Self */,
				DD5AA2042BD5598500EA982B /* To-do-SelfTests */,
				DD5AA20E2BD5598500EA982B /* To-do-SelfUITests */,
				DD5AA1EC2BD5598300EA982B /* Products */,
			);
			sourceTree = "<group>";
		};
		DD5AA1EC2BD5598300EA982B /* Products */ = {
			isa = PBXGroup;
			children = (
				DD5AA1EB2BD5598300EA982B /* To-do-Self.app */,
				DD5AA2012BD5598500EA982B /* To-do-SelfTests.xctest */,
				DD5AA20B2BD5598500EA982B /* To-do-SelfUITests.xctest */,
			);
			name = Products;
			sourceTree = "<group>";
		};
		DD5AA1ED2BD5598300EA982B /* To-do-Self */ = {
			isa = PBXGroup;
			children = (
				DD5AA1EE2BD5598300EA982B /* AppDelegate.swift */,
				DD5AA1F02BD5598300EA982B /* SceneDelegate.swift */,
				DD5AA1F22BD5598300EA982B /* ViewController.swift */,
				DD5AA1F42BD5598300EA982B /* Main.storyboard */,
				DD5AA1F72BD5598500EA982B /* Assets.xcassets */,
				DD5AA1F92BD5598500EA982B /* LaunchScreen.storyboard */,
				DD5AA1FC2BD5598500EA982B /* Info.plist */,
			);
			path = "To-do-Self";
			sourceTree = "<group>";
		};
		DD5AA2042BD5598500EA982B /* To-do-SelfTests */ = {
			isa = PBXGroup;
			children = (
				DD5AA2052BD5598500EA982B /* To_do_SelfTests.swift */,
			);
			path = "To-do-SelfTests";
			sourceTree = "<group>";
		};
		DD5AA20E2BD5598500EA982B /* To-do-SelfUITests */ = {
			isa = PBXGroup;
			children = (
				DD5AA20F2BD5598500EA982B /* To_do_SelfUITests.swift */,
				DD5AA2112BD5598500EA982B /* To_do_SelfUITestsLaunchTests.swift */,
			);
			path = "To-do-SelfUITests";
			sourceTree = "<group>";
		};
/* End PBXGroup section */

/* Begin PBXNativeTarget section */
		DD5AA1EA2BD5598300EA982B /* To-do-Self */ = {
			isa = PBXNativeTarget;
			buildConfigurationList = DD5AA2152BD5598500EA982B /* Build configuration list for PBXNativeTarget "To-do-Self" */;
			buildPhases = (
				DD5AA1E72BD5598300EA982B /* Sources */,
				DD5AA1E82BD5598300EA982B /* Frameworks */,
				DD5AA1E92BD5598300EA982B /* Resources */,
			);
			buildRules = (
			);
			dependencies = (
			);
			name = "To-do-Self";
			productName = "To-do-Self";
			productReference = DD5AA1EB2BD5598300EA982B /* To-do-Self.app */;
			productType = "com.apple.product-type.application";
		};
		DD5AA2002BD5598500EA982B /* To-do-SelfTests */ = {
			isa = PBXNativeTarget;
			buildConfigurationList = DD5AA2182BD5598500EA982B /* Build configuration list for PBXNativeTarget "To-do-SelfTests" */;
			buildPhases = (
				DD5AA1FD2BD5598500EA982B /* Sources */,
				DD5AA1FE2BD5598500EA982B /* Frameworks */,
				DD5AA1FF2BD5598500EA982B /* Resources */,
			);
			buildRules = (
			);
			dependencies = (
				DD5AA2032BD5598500EA982B /* PBXTargetDependency */,
			);
			name = "To-do-SelfTests";
			productName = "To-do-SelfTests";
			productReference = DD5AA2012BD5598500EA982B /* To-do-SelfTests.xctest */;
			productType = "com.apple.product-type.bundle.unit-test";
		};
		DD5AA20A2BD5598500EA982B /* To-do-SelfUITests */ = {
			isa = PBXNativeTarget;
			buildConfigurationList = DD5AA21B2BD5598500EA982B /* Build configuration list for PBXNativeTarget "To-do-SelfUITests" */;
			buildPhases = (
				DD5AA2072BD5598500EA982B /* Sources */,
				DD5AA2082BD5598500EA982B /* Frameworks */,
				DD5AA2092BD5598500EA982B /* Resources */,
			);
			buildRules = (
			);
			dependencies = (
				DD5AA20D2BD5598500EA982B /* PBXTargetDependency */,
			);
			name = "To-do-SelfUITests";
			productName = "To-do-SelfUITests";
			productReference = DD5AA20B2BD5598500EA982B /* To-do-SelfUITests.xctest */;
			productType = "com.apple.product-type.bundle.ui-testing";
		};
/* End PBXNativeTarget section */

/* Begin PBXProject section */
		DD5AA1E32BD5598300EA982B /* Project object */ = {
			isa = PBXProject;
			attributes = {
				BuildIndependentTargetsInParallel = 1;
				LastSwiftUpdateCheck = 1530;
				LastUpgradeCheck = 1530;
				TargetAttributes = {
					DD5AA1EA2BD5598300EA982B = {
						CreatedOnToolsVersion = 15.3;
					};
					DD5AA2002BD5598500EA982B = {
						CreatedOnToolsVersion = 15.3;
						TestTargetID = DD5AA1EA2BD5598300EA982B;
					};
					DD5AA20A2BD5598500EA982B = {
						CreatedOnToolsVersion = 15.3;
						TestTargetID = DD5AA1EA2BD5598300EA982B;
					};
				};
			};
			buildConfigurationList = DD5AA1E62BD5598300EA982B /* Build configuration list for PBXProject "To-do-Self" */;
			compatibilityVersion = "Xcode 14.0";
			developmentRegion = en;
			hasScannedForEncodings = 0;
			knownRegions = (
				en,
				Base,
			);
			mainGroup = DD5AA1E22BD5598300EA982B;
			productRefGroup = DD5AA1EC2BD5598300EA982B /* Products */;
			projectDirPath = "";
			projectRoot = "";
			targets = (
				DD5AA1EA2BD5598300EA982B /* To-do-Self */,
				DD5AA2002BD5598500EA982B /* To-do-SelfTests */,
				DD5AA20A2BD5598500EA982B /* To-do-SelfUITests */,
			);
		};
/* End PBXProject section */

/* Begin PBXResourcesBuildPhase section */
		DD5AA1E92BD5598300EA982B /* Resources */ = {
			isa = PBXResourcesBuildPhase;
			buildActionMask = 2147483647;
			files = (
				DD5AA1F82BD5598500EA982B /* Assets.xcassets in Resources */,
				DD5AA1FB2BD5598500EA982B /* Base in Resources */,
				DD5AA1F62BD5598300EA982B /* Base in Resources */,
			);
			runOnlyForDeploymentPostprocessing = 0;
		};
		DD5AA1FF2BD5598500EA982B /* Resources */ = {
			isa = PBXResourcesBuildPhase;
			buildActionMask = 2147483647;
			files = (
			);
			runOnlyForDeploymentPostprocessing = 0;
		};
		DD5AA2092BD5598500EA982B /* Resources */ = {
			isa = PBXResourcesBuildPhase;
			buildActionMask = 2147483647;
			files = (
			);
			runOnlyForDeploymentPostprocessing = 0;
		};
/* End PBXResourcesBuildPhase section */

/* Begin PBXSourcesBuildPhase section */
		DD5AA1E72BD5598300EA982B /* Sources */ = {
			isa = PBXSourcesBuildPhase;
			buildActionMask = 2147483647;
			files = (
				DD5AA1F32BD5598300EA982B /* ViewController.swift in Sources */,
				DD5AA1EF2BD5598300EA982B /* AppDelegate.swift in Sources */,
				DD5AA1F12BD5598300EA982B /* SceneDelegate.swift in Sources */,
			);
			runOnlyForDeploymentPostprocessing = 0;
		};
		DD5AA1FD2BD5598500EA982B /* Sources */ = {
			isa = PBXSourcesBuildPhase;
			buildActionMask = 2147483647;
			files = (
				DD5AA2062BD5598500EA982B /* To_do_SelfTests.swift in Sources */,
			);
			runOnlyForDeploymentPostprocessing = 0;
		};
		DD5AA2072BD5598500EA982B /* Sources */ = {
			isa = PBXSourcesBuildPhase;
			buildActionMask = 2147483647;
			files = (
				DD5AA2122BD5598500EA982B /* To_do_SelfUITestsLaunchTests.swift in Sources */,
				DD5AA2102BD5598500EA982B /* To_do_SelfUITests.swift in Sources */,
			);
			runOnlyForDeploymentPostprocessing = 0;
		};
/* End PBXSourcesBuildPhase section */

/* Begin PBXTargetDependency section */
		DD5AA2032BD5598500EA982B /* PBXTargetDependency */ = {
			isa = PBXTargetDependency;
			target = DD5AA1EA2BD5598300EA982B /* To-do-Self */;
			targetProxy = DD5AA2022BD5598500EA982B /* PBXContainerItemProxy */;
		};
		DD5AA20D2BD5598500EA982B /* PBXTargetDependency */ = {
			isa = PBXTargetDependency;
			target = DD5AA1EA2BD5598300EA982B /* To-do-Self */;
			targetProxy = DD5AA20C2BD5598500EA982B /* PBXContainerItemProxy */;
		};
/* End PBXTargetDependency section */

/* Begin PBXVariantGroup section */
		DD5AA1F42BD5598300EA982B /* Main.storyboard */ = {
			isa = PBXVariantGroup;
			children = (
				DD5AA1F52BD5598300EA982B /* Base */,
			);
			name = Main.storyboard;
			sourceTree = "<group>";
		};
		DD5AA1F92BD5598500EA982B /* LaunchScreen.storyboard */ = {
			isa = PBXVariantGroup;
			children = (
				DD5AA1FA2BD5598500EA982B /* Base */,
			);
			name = LaunchScreen.storyboard;
			sourceTree = "<group>";
		};
/* End PBXVariantGroup section */

/* Begin XCBuildConfiguration section */
		DD5AA2132BD5598500EA982B /* Debug */ = {
			isa = XCBuildConfiguration;
			buildSettings = {
				ALWAYS_SEARCH_USER_PATHS = NO;
				ASSETCATALOG_COMPILER_GENERATE_SWIFT_ASSET_SYMBOL_EXTENSIONS = YES;
				CLANG_ANALYZER_NONNULL = YES;
				CLANG_ANALYZER_NUMBER_OBJECT_CONVERSION = YES_AGGRESSIVE;
				CLANG_CXX_LANGUAGE_STANDARD = "gnu++20";
				CLANG_ENABLE_MODULES = YES;
				CLANG_ENABLE_OBJC_ARC = YES;
				CLANG_ENABLE_OBJC_WEAK = YES;
				CLANG_WARN_BLOCK_CAPTURE_AUTORELEASING = YES;
				CLANG_WARN_BOOL_CONVERSION = YES;
				CLANG_WARN_COMMA = YES;
				CLANG_WARN_CONSTANT_CONVERSION = YES;
				CLANG_WARN_DEPRECATED_OBJC_IMPLEMENTATIONS = YES;
				CLANG_WARN_DIRECT_OBJC_ISA_USAGE = YES_ERROR;
				CLANG_WARN_DOCUMENTATION_COMMENTS = YES;
				CLANG_WARN_EMPTY_BODY = YES;
				CLANG_WARN_ENUM_CONVERSION = YES;
				CLANG_WARN_INFINITE_RECURSION = YES;
				CLANG_WARN_INT_CONVERSION = YES;
				CLANG_WARN_NON_LITERAL_NULL_CONVERSION = YES;
				CLANG_WARN_OBJC_IMPLICIT_RETAIN_SELF = YES;
				CLANG_WARN_OBJC_LITERAL_CONVERSION = YES;
				CLANG_WARN_OBJC_ROOT_CLASS = YES_ERROR;
				CLANG_WARN_QUOTED_INCLUDE_IN_FRAMEWORK_HEADER = YES;
				CLANG_WARN_RANGE_LOOP_ANALYSIS = YES;
				CLANG_WARN_STRICT_PROTOTYPES = YES;
				CLANG_WARN_SUSPICIOUS_MOVE = YES;
				CLANG_WARN_UNGUARDED_AVAILABILITY = YES_AGGRESSIVE;
				CLANG_WARN_UNREACHABLE_CODE = YES;
				CLANG_WARN__DUPLICATE_METHOD_MATCH = YES;
				COPY_PHASE_STRIP = NO;
				DEBUG_INFORMATION_FORMAT = dwarf;
				ENABLE_STRICT_OBJC_MSGSEND = YES;
				ENABLE_TESTABILITY = YES;
				ENABLE_USER_SCRIPT_SANDBOXING = YES;
				GCC_C_LANGUAGE_STANDARD = gnu17;
				GCC_DYNAMIC_NO_PIC = NO;
				GCC_NO_COMMON_BLOCKS = YES;
				GCC_OPTIMIZATION_LEVEL = 0;
				GCC_PREPROCESSOR_DEFINITIONS = (
					"DEBUG=1",
					"$(inherited)",
				);
				GCC_WARN_64_TO_32_BIT_CONVERSION = YES;
				GCC_WARN_ABOUT_RETURN_TYPE = YES_ERROR;
				GCC_WARN_UNDECLARED_SELECTOR = YES;
				GCC_WARN_UNINITIALIZED_AUTOS = YES_AGGRESSIVE;
				GCC_WARN_UNUSED_FUNCTION = YES;
				GCC_WARN_UNUSED_VARIABLE = YES;
				IPHONEOS_DEPLOYMENT_TARGET = 17.4;
				LOCALIZATION_PREFERS_STRING_CATALOGS = YES;
				MTL_ENABLE_DEBUG_INFO = INCLUDE_SOURCE;
				MTL_FAST_MATH = YES;
				ONLY_ACTIVE_ARCH = YES;
				SDKROOT = iphoneos;
				SWIFT_ACTIVE_COMPILATION_CONDITIONS = "DEBUG $(inherited)";
				SWIFT_OPTIMIZATION_LEVEL = "-Onone";
			};
			name = Debug;
		};
		DD5AA2142BD5598500EA982B /* Release */ = {
			isa = XCBuildConfiguration;
			buildSettings = {
				ALWAYS_SEARCH_USER_PATHS = NO;
				ASSETCATALOG_COMPILER_GENERATE_SWIFT_ASSET_SYMBOL_EXTENSIONS = YES;
				CLANG_ANALYZER_NONNULL = YES;
				CLANG_ANALYZER_NUMBER_OBJECT_CONVERSION = YES_AGGRESSIVE;
				CLANG_CXX_LANGUAGE_STANDARD = "gnu++20";
				CLANG_ENABLE_MODULES = YES;
				CLANG_ENABLE_OBJC_ARC = YES;
				CLANG_ENABLE_OBJC_WEAK = YES;
				CLANG_WARN_BLOCK_CAPTURE_AUTORELEASING = YES;
				CLANG_WARN_BOOL_CONVERSION = YES;
				CLANG_WARN_COMMA = YES;
				CLANG_WARN_CONSTANT_CONVERSION = YES;
				CLANG_WARN_DEPRECATED_OBJC_IMPLEMENTATIONS = YES;
				CLANG_WARN_DIRECT_OBJC_ISA_USAGE = YES_ERROR;
				CLANG_WARN_DOCUMENTATION_COMMENTS = YES;
				CLANG_WARN_EMPTY_BODY = YES;
				CLANG_WARN_ENUM_CONVERSION = YES;
				CLANG_WARN_INFINITE_RECURSION = YES;
				CLANG_WARN_INT_CONVERSION = YES;
				CLANG_WARN_NON_LITERAL_NULL_CONVERSION = YES;
				CLANG_WARN_OBJC_IMPLICIT_RETAIN_SELF = YES;
				CLANG_WARN_OBJC_LITERAL_CONVERSION = YES;
				CLANG_WARN_OBJC_ROOT_CLASS = YES_ERROR;
				CLANG_WARN_QUOTED_INCLUDE_IN_FRAMEWORK_HEADER = YES;
				CLANG_WARN_RANGE_LOOP_ANALYSIS = YES;
				CLANG_WARN_STRICT_PROTOTYPES = YES;
				CLANG_WARN_SUSPICIOUS_MOVE = YES;
				CLANG_WARN_UNGUARDED_AVAILABILITY = YES_AGGRESSIVE;
				CLANG_WARN_UNREACHABLE_CODE = YES;
				CLANG_WARN__DUPLICATE_METHOD_MATCH = YES;
				COPY_PHASE_STRIP = NO;
				DEBUG_INFORMATION_FORMAT = "dwarf-with-dsym";
				ENABLE_NS_ASSERTIONS = NO;
				ENABLE_STRICT_OBJC_MSGSEND = YES;
				ENABLE_USER_SCRIPT_SANDBOXING = YES;
				GCC_C_LANGUAGE_STANDARD = gnu17;
				GCC_NO_COMMON_BLOCKS = YES;
				GCC_WARN_64_TO_32_BIT_CONVERSION = YES;
				GCC_WARN_ABOUT_RETURN_TYPE = YES_ERROR;
				GCC_WARN_UNDECLARED_SELECTOR = YES;
				GCC_WARN_UNINITIALIZED_AUTOS = YES_AGGRESSIVE;
				GCC_WARN_UNUSED_FUNCTION = YES;
				GCC_WARN_UNUSED_VARIABLE = YES;
				IPHONEOS_DEPLOYMENT_TARGET = 17.4;
				LOCALIZATION_PREFERS_STRING_CATALOGS = YES;
				MTL_ENABLE_DEBUG_INFO = NO;
				MTL_FAST_MATH = YES;
				SDKROOT = iphoneos;
				SWIFT_COMPILATION_MODE = wholemodule;
				VALIDATE_PRODUCT = YES;
			};
			name = Release;
		};
		DD5AA2162BD5598500EA982B /* Debug */ = {
			isa = XCBuildConfiguration;
			buildSettings = {
				ASSETCATALOG_COMPILER_APPICON_NAME = AppIcon;
				ASSETCATALOG_COMPILER_GLOBAL_ACCENT_COLOR_NAME = AccentColor;
				CODE_SIGN_STYLE = Automatic;
				CURRENT_PROJECT_VERSION = 1;
				GENERATE_INFOPLIST_FILE = YES;
				INFOPLIST_FILE = "To-do-Self/Info.plist";
				INFOPLIST_KEY_UIApplicationSupportsIndirectInputEvents = YES;
				INFOPLIST_KEY_UILaunchStoryboardName = LaunchScreen;
				INFOPLIST_KEY_UIMainStoryboardFile = Main;
				INFOPLIST_KEY_UISupportedInterfaceOrientations_iPad = "UIInterfaceOrientationPortrait UIInterfaceOrientationPortraitUpsideDown UIInterfaceOrientationLandscapeLeft UIInterfaceOrientationLandscapeRight";
				INFOPLIST_KEY_UISupportedInterfaceOrientations_iPhone = "UIInterfaceOrientationPortrait UIInterfaceOrientationLandscapeLeft UIInterfaceOrientationLandscapeRight";
				LD_RUNPATH_SEARCH_PATHS = (
					"$(inherited)",
					"@executable_path/Frameworks",
				);
				MARKETING_VERSION = 1.0;
				PRODUCT_BUNDLE_IDENTIFIER = "vinamrasoni.To-do-Self";
				PRODUCT_NAME = "$(TARGET_NAME)";
				SWIFT_EMIT_LOC_STRINGS = YES;
				SWIFT_VERSION = 5.0;
				TARGETED_DEVICE_FAMILY = "1,2";
			};
			name = Debug;
		};
		DD5AA2172BD5598500EA982B /* Release */ = {
			isa = XCBuildConfiguration;
			buildSettings = {
				ASSETCATALOG_COMPILER_APPICON_NAME = AppIcon;
				ASSETCATALOG_COMPILER_GLOBAL_ACCENT_COLOR_NAME = AccentColor;
				CODE_SIGN_STYLE = Automatic;
				CURRENT_PROJECT_VERSION = 1;
				GENERATE_INFOPLIST_FILE = YES;
				INFOPLIST_FILE = "To-do-Self/Info.plist";
				INFOPLIST_KEY_UIApplicationSupportsIndirectInputEvents = YES;
				INFOPLIST_KEY_UILaunchStoryboardName = LaunchScreen;
				INFOPLIST_KEY_UIMainStoryboardFile = Main;
				INFOPLIST_KEY_UISupportedInterfaceOrientations_iPad = "UIInterfaceOrientationPortrait UIInterfaceOrientationPortraitUpsideDown UIInterfaceOrientationLandscapeLeft UIInterfaceOrientationLandscapeRight";
				INFOPLIST_KEY_UISupportedInterfaceOrientations_iPhone = "UIInterfaceOrientationPortrait UIInterfaceOrientationLandscapeLeft UIInterfaceOrientationLandscapeRight";
				LD_RUNPATH_SEARCH_PATHS = (
					"$(inherited)",
					"@executable_path/Frameworks",
				);
				MARKETING_VERSION = 1.0;
				PRODUCT_BUNDLE_IDENTIFIER = "vinamrasoni.To-do-Self";
				PRODUCT_NAME = "$(TARGET_NAME)";
				SWIFT_EMIT_LOC_STRINGS = YES;
				SWIFT_VERSION = 5.0;
				TARGETED_DEVICE_FAMILY = "1,2";
			};
			name = Release;
		};
		DD5AA2192BD5598500EA982B /* Debug */ = {
			isa = XCBuildConfiguration;
			buildSettings = {
				ALWAYS_EMBED_SWIFT_STANDARD_LIBRARIES = YES;
				BUNDLE_LOADER = "$(TEST_HOST)";
				CODE_SIGN_STYLE = Automatic;
				CURRENT_PROJECT_VERSION = 1;
				GENERATE_INFOPLIST_FILE = YES;
				IPHONEOS_DEPLOYMENT_TARGET = 17.4;
				MARKETING_VERSION = 1.0;
				PRODUCT_BUNDLE_IDENTIFIER = "vinamrasoni.To-do-SelfTests";
				PRODUCT_NAME = "$(TARGET_NAME)";
				SWIFT_EMIT_LOC_STRINGS = NO;
				SWIFT_VERSION = 5.0;
				TARGETED_DEVICE_FAMILY = "1,2";
				TEST_HOST = "$(BUILT_PRODUCTS_DIR)/To-do-Self.app/$(BUNDLE_EXECUTABLE_FOLDER_PATH)/To-do-Self";
			};
			name = Debug;
		};
		DD5AA21A2BD5598500EA982B /* Release */ = {
			isa = XCBuildConfiguration;
			buildSettings = {
				ALWAYS_EMBED_SWIFT_STANDARD_LIBRARIES = YES;
				BUNDLE_LOADER = "$(TEST_HOST)";
				CODE_SIGN_STYLE = Automatic;
				CURRENT_PROJECT_VERSION = 1;
				GENERATE_INFOPLIST_FILE = YES;
				IPHONEOS_DEPLOYMENT_TARGET = 17.4;
				MARKETING_VERSION = 1.0;
				PRODUCT_BUNDLE_IDENTIFIER = "vinamrasoni.To-do-SelfTests";
				PRODUCT_NAME = "$(TARGET_NAME)";
				SWIFT_EMIT_LOC_STRINGS = NO;
				SWIFT_VERSION = 5.0;
				TARGETED_DEVICE_FAMILY = "1,2";
				TEST_HOST = "$(BUILT_PRODUCTS_DIR)/To-do-Self.app/$(BUNDLE_EXECUTABLE_FOLDER_PATH)/To-do-Self";
			};
			name = Release;
		};
		DD5AA21C2BD5598500EA982B /* Debug */ = {
			isa = XCBuildConfiguration;
			buildSettings = {
				ALWAYS_EMBED_SWIFT_STANDARD_LIBRARIES = YES;
				CODE_SIGN_STYLE = Automatic;
				CURRENT_PROJECT_VERSION = 1;
				GENERATE_INFOPLIST_FILE = YES;
				MARKETING_VERSION = 1.0;
				PRODUCT_BUNDLE_IDENTIFIER = "vinamrasoni.To-do-SelfUITests";
				PRODUCT_NAME = "$(TARGET_NAME)";
				SWIFT_EMIT_LOC_STRINGS = NO;
				SWIFT_VERSION = 5.0;
				TARGETED_DEVICE_FAMILY = "1,2";
				TEST_TARGET_NAME = "To-do-Self";
			};
			name = Debug;
		};
		DD5AA21D2BD5598500EA982B /* Release */ = {
			isa = XCBuildConfiguration;
			buildSettings = {
				ALWAYS_EMBED_SWIFT_STANDARD_LIBRARIES = YES;
				CODE_SIGN_STYLE = Automatic;
				CURRENT_PROJECT_VERSION = 1;
				GENERATE_INFOPLIST_FILE = YES;
				MARKETING_VERSION = 1.0;
				PRODUCT_BUNDLE_IDENTIFIER = "vinamrasoni.To-do-SelfUITests";
				PRODUCT_NAME = "$(TARGET_NAME)";
				SWIFT_EMIT_LOC_STRINGS = NO;
				SWIFT_VERSION = 5.0;
				TARGETED_DEVICE_FAMILY = "1,2";
				TEST_TARGET_NAME = "To-do-Self";
			};
			name = Release;
		};
/* End XCBuildConfiguration section */

/* Begin XCConfigurationList section */
		DD5AA1E62BD5598300EA982B /* Build configuration list for PBXProject "To-do-Self" */ = {
			isa = XCConfigurationList;
			buildConfigurations = (
				DD5AA2132BD5598500EA982B /* Debug */,
				DD5AA2142BD5598500EA982B /* Release */,
			);
			defaultConfigurationIsVisible = 0;
			defaultConfigurationName = Release;
		};
		DD5AA2152BD5598500EA982B /* Build configuration list for PBXNativeTarget "To-do-Self" */ = {
			isa = XCConfigurationList;
			buildConfigurations = (
				DD5AA2162BD5598500EA982B /* Debug */,
				DD5AA2172BD5598500EA982B /* Release */,
			);
			defaultConfigurationIsVisible = 0;
			defaultConfigurationName = Release;
		};
		DD5AA2182BD5598500EA982B /* Build configuration list for PBXNativeTarget "To-do-SelfTests" */ = {
			isa = XCConfigurationList;
			buildConfigurations = (
				DD5AA2192BD5598500EA982B /* Debug */,
				DD5AA21A2BD5598500EA982B /* Release */,
			);
			defaultConfigurationIsVisible = 0;
			defaultConfigurationName = Release;
		};
		DD5AA21B2BD5598500EA982B /* Build configuration list for PBXNativeTarget "To-do-SelfUITests" */ = {
			isa = XCConfigurationList;
			buildConfigurations = (
				DD5AA21C2BD5598500EA982B /* Debug */,
				DD5AA21D2BD5598500EA982B /* Release */,
			);
			defaultConfigurationIsVisible = 0;
			defaultConfigurationName = Release;
		};
/* End XCConfigurationList section */
	};
	rootObject = DD5AA1E32BD5598300EA982B /* Project object */;
}
